
Microsoft Visual Studio Solution File, Format Version 12.00
# Visual Studio Version 17
VisualStudioVersion = 17.5.33502.453
MinimumVisualStudioVersion = 10.0.40219.1
Project("{FAE04EC0-301F-11D3-BF4B-00C04F79EFBC}") = "ClockApp", "ClockApp.csproj", "{0AA4BE81-46FA-4983-BB82-507864448D40}"
EndProject
Global
	GlobalSection(SolutionConfigurationPlatforms) = preSolution
		Debug|Any CPU = Debug|Any CPU
		Release|Any CPU = Release|Any CPU
	EndGlobalSection
	GlobalSection(ProjectConfigurationPlatforms) = postSolution
		{0AA4BE81-46FA-4983-BB82-507864448D40}.Debug|Any CPU.ActiveCfg = Debug|Any CPU
		{0AA4BE81-46FA-4983-BB82-507864448D40}.Debug|Any CPU.Build.0 = Debug|Any CPU
		{0AA4BE81-46FA-4983-BB82-507864448D40}.Release|Any CPU.ActiveCfg = Release|Any CPU
		{0AA4BE81-46FA-4983-BB82-507864448D40}.Release|Any CPU.Build.0 = Release|Any CPU
	EndGlobalSection
	GlobalSection(SolutionProperties) = preSolution
		HideSolutionNode = FALSE
	EndGlobalSection
	GlobalSection(ExtensibilityGlobals) = postSolution
		SolutionGuid = {8CB50985-F1BD-4A21-A2B5-78AB28F2DDF1}
	EndGlobalSection
EndGlobal
